schema: '2.0'
stages:
  data_ingestion:
    cmd: python src/data/data_ingestion.py
    deps:
    - path: src/data/data_ingestion.py
      hash: md5
      md5: bb90bfe1d3421ae80bc439a161d04e3e
      size: 3449
    params:
      params.yaml:
        data_ingestion.test_size: 0.25
    outs:
    - path: data/raw
      hash: md5
      md5: 3a301dd6a0b3caa261222635788eb1a5.dir
      size: 827973
      nfiles: 2
  data_preprocessing:
    cmd: python src/data/data_preprocessing.py
    deps:
    - path: data/raw
      hash: md5
      md5: 3a301dd6a0b3caa261222635788eb1a5.dir
      size: 827973
      nfiles: 2
    - path: src/data/data_preprocessing.py
      hash: md5
      md5: e014841a08a7202430e38ceb340086b1
      size: 3897
    outs:
    - path: data/interim
      hash: md5
      md5: b59a6d9deda25e18ae8ad7d7977cbe56.dir
      size: 566210
      nfiles: 2
  feature_engineering:
    cmd: python src/features/feature_engineering.py
    deps:
    - path: data/interim
      hash: md5
      md5: b59a6d9deda25e18ae8ad7d7977cbe56.dir
      size: 566210
      nfiles: 2
    - path: src/features/feature_engineering.py
      hash: md5
      md5: a4e2c9d9336aabf06653beacce87912e
      size: 3770
    params:
      params.yaml:
        feature_engineering.max_features: 3600
    outs:
    - path: data/processed
      hash: md5
      md5: 837ecc1ee8b91d9039fbf7887b608940.dir
      size: 74757716
      nfiles: 2
    - path: models/vectorizer.pkl
      hash: md5
      md5: aff36df265aaca75bb650fe3c4b812e7
      size: 100012
  model_building:
    cmd: python src/model/model_building.py
    deps:
    - path: data/processed
      hash: md5
      md5: 837ecc1ee8b91d9039fbf7887b608940.dir
      size: 74757716
      nfiles: 2
    - path: src/model/model_building.py
      hash: md5
      md5: 4d89bb8181366c524ab585b55705b265
      size: 2298
    outs:
    - path: models/model.pkl
      hash: md5
      md5: 4045dd1b98843719bab89bb119c86211
      size: 29498
  model_evaluation:
    cmd: python src/model/model_evaluation.py
    deps:
    - path: models/model.pkl
      hash: md5
      md5: 4045dd1b98843719bab89bb119c86211
      size: 29498
    - path: src/model/model_evaluation.py
      hash: md5
      md5: 5e92958c8b98aa6e96782a3e2488d69a
      size: 5487
    outs:
    - path: reports/experiment_info.json
      hash: md5
      md5: 6e54aec8fa7bf87564f3a5ebeae58280
      size: 82
    - path: reports/metrics.json
      hash: md5
      md5: fc8021ba9fa7bff97bd08f43d43c8cc7
      size: 145
  model_registration:
    cmd: python src/model/register_model.py
    deps:
    - path: reports/experiment_info.json
      hash: md5
      md5: 6e54aec8fa7bf87564f3a5ebeae58280
      size: 82
    - path: src/model/register_model.py
      hash: md5
      md5: 5830aae19a6587de83e03e768f07cd53
      size: 2789
